
Microsoft Visual Studio Solution File, Format Version 12.00
# Visual Studio Version 17
VisualStudioVersion = 17.9.34607.119
MinimumVisualStudioVersion = 10.0.40219.1
Project("{FAE04EC0-301F-11D3-BF4B-00C04F79EFBC}") = "SignalRChatDemo", "SignalRChatDemo.csproj", "{B9056CAB-C91B-47DF-AEB4-6EABE2B781D9}"
EndProject
Global
	GlobalSection(SolutionConfigurationPlatforms) = preSolution
		Debug|Any CPU = Debug|Any CPU
		Release|Any CPU = Release|Any CPU
	EndGlobalSection
	GlobalSection(ProjectConfigurationPlatforms) = postSolution
		{B9056CAB-C91B-47DF-AEB4-6EABE2B781D9}.Debug|Any CPU.ActiveCfg = Debug|Any CPU
		{B9056CAB-C91B-47DF-AEB4-6EABE2B781D9}.Debug|Any CPU.Build.0 = Debug|Any CPU
		{B9056CAB-C91B-47DF-AEB4-6EABE2B781D9}.Release|Any CPU.ActiveCfg = Release|Any CPU
		{B9056CAB-C91B-47DF-AEB4-6EABE2B781D9}.Release|Any CPU.Build.0 = Release|Any CPU
	EndGlobalSection
	GlobalSection(SolutionProperties) = preSolution
		HideSolutionNode = FALSE
	EndGlobalSection
	GlobalSection(ExtensibilityGlobals) = postSolution
		SolutionGuid = {906F132F-45ED-46CC-8059-1478D49D905D}
	EndGlobalSection
EndGlobal
